
Microsoft Visual Studio Solution File, Format Version 12.00
# Visual Studio Version 17
VisualStudioVersion = 17.14.36518.9 d17.14
MinimumVisualStudioVersion = 10.0.40219.1
Project("{FAE04EC0-301F-11D3-BF4B-00C04F79EFBC}") = "loop", "loop.csproj", "{C522D4CF-D65E-4855-A23B-0BAE30557FC7}"
EndProject
Global
	GlobalSection(SolutionConfigurationPlatforms) = preSolution
		Debug|Any CPU = Debug|Any CPU
		Release|Any CPU = Release|Any CPU
	EndGlobalSection
	GlobalSection(ProjectConfigurationPlatforms) = postSolution
		{C522D4CF-D65E-4855-A23B-0BAE30557FC7}.Debug|Any CPU.ActiveCfg = Debug|Any CPU
		{C522D4CF-D65E-4855-A23B-0BAE30557FC7}.Debug|Any CPU.Build.0 = Debug|Any CPU
		{C522D4CF-D65E-4855-A23B-0BAE30557FC7}.Release|Any CPU.ActiveCfg = Release|Any CPU
		{C522D4CF-D65E-4855-A23B-0BAE30557FC7}.Release|Any CPU.Build.0 = Release|Any CPU
	EndGlobalSection
	GlobalSection(SolutionProperties) = preSolution
		HideSolutionNode = FALSE
	EndGlobalSection
	GlobalSection(ExtensibilityGlobals) = postSolution
		SolutionGuid = {0D4F4EC4-3994-4509-96B6-BBC21D9A3697}
	EndGlobalSection
EndGlobal
