
Microsoft Visual Studio Solution File, Format Version 12.00
# Visual Studio Version 17
VisualStudioVersion = 17.14.36518.9 d17.14
MinimumVisualStudioVersion = 10.0.40219.1
Project("{FAE04EC0-301F-11D3-BF4B-00C04F79EFBC}") = "maratonaexercicios02", "maratonaexercicios02.csproj", "{99D8594A-1A08-4465-A495-3F953481783C}"
EndProject
Global
	GlobalSection(SolutionConfigurationPlatforms) = preSolution
		Debug|Any CPU = Debug|Any CPU
		Release|Any CPU = Release|Any CPU
	EndGlobalSection
	GlobalSection(ProjectConfigurationPlatforms) = postSolution
		{99D8594A-1A08-4465-A495-3F953481783C}.Debug|Any CPU.ActiveCfg = Debug|Any CPU
		{99D8594A-1A08-4465-A495-3F953481783C}.Debug|Any CPU.Build.0 = Debug|Any CPU
		{99D8594A-1A08-4465-A495-3F953481783C}.Release|Any CPU.ActiveCfg = Release|Any CPU
		{99D8594A-1A08-4465-A495-3F953481783C}.Release|Any CPU.Build.0 = Release|Any CPU
	EndGlobalSection
	GlobalSection(SolutionProperties) = preSolution
		HideSolutionNode = FALSE
	EndGlobalSection
	GlobalSection(ExtensibilityGlobals) = postSolution
		SolutionGuid = {0B3DA524-9AFF-4C6D-962E-CA84B5245DFD}
	EndGlobalSection
EndGlobal
